
Microsoft Visual Studio Solution File, Format Version 12.00
# Visual Studio Version 16
VisualStudioVersion = 16.0.29409.12
MinimumVisualStudioVersion = 10.0.40219.1
Project("{FAE04EC0-301F-11D3-BF4B-00C04F79EFBC}") = "Ferrara", "Ferrara\Ferrara.csproj", "{BF82BE25-2A9F-4104-AC58-3C68CB6270D4}"
EndProject
Global
	GlobalSection(SolutionConfigurationPlatforms) = preSolution
		Debug|Any CPU = Debug|Any CPU
		Release|Any CPU = Release|Any CPU
	EndGlobalSection
	GlobalSection(ProjectConfigurationPlatforms) = postSolution
		{BF82BE25-2A9F-4104-AC58-3C68CB6270D4}.Debug|Any CPU.ActiveCfg = Debug|Any CPU
		{BF82BE25-2A9F-4104-AC58-3C68CB6270D4}.Debug|Any CPU.Build.0 = Debug|Any CPU
		{BF82BE25-2A9F-4104-AC58-3C68CB6270D4}.Release|Any CPU.ActiveCfg = Release|Any CPU
		{BF82BE25-2A9F-4104-AC58-3C68CB6270D4}.Release|Any CPU.Build.0 = Release|Any CPU
	EndGlobalSection
	GlobalSection(SolutionProperties) = preSolution
		HideSolutionNode = FALSE
	EndGlobalSection
	GlobalSection(ExtensibilityGlobals) = postSolution
		SolutionGuid = {73A5EDAC-F25F-4A50-8E3B-C9E32EC9B86B}
	EndGlobalSection
EndGlobal
